// !$*UTF8*$!
{
	archiveVersion = 1;
	classes = {
	};
	objectVersion = 56;
	objects = {

/* Begin PBXBuildFile section */
		CE55606928DA2CF2001CB442 /* AppDelegate.swift in Sources */ = {isa = PBXBuildFile; fileRef = CE55606828DA2CF2001CB442 /* AppDelegate.swift */; };
		CE55606B28DA2CF2001CB442 /* SceneDelegate.swift in Sources */ = {isa = PBXBuildFile; fileRef = CE55606A28DA2CF2001CB442 /* SceneDelegate.swift */; };
		CE55606D28DA2CF2001CB442 /* ViewController.swift in Sources */ = {isa = PBXBuildFile; fileRef = CE55606C28DA2CF2001CB442 /* ViewController.swift */; };
		CE55607028DA2CF2001CB442 /* Main.storyboard in Resources */ = {isa = PBXBuildFile; fileRef = CE55606E28DA2CF2001CB442 /* Main.storyboard */; };
		CE55607228DA2CF5001CB442 /* Assets.xcassets in Resources */ = {isa = PBXBuildFile; fileRef = CE55607128DA2CF5001CB442 /* Assets.xcassets */; };
		CE55607528DA2CF5001CB442 /* LaunchScreen.storyboard in Resources */ = {isa = PBXBuildFile; fileRef = CE55607328DA2CF5001CB442 /* LaunchScreen.storyboard */; };
		CE55608028DA2CF5001CB442 /* TimerTests.swift in Sources */ = {isa = PBXBuildFile; fileRef = CE55607F28DA2CF5001CB442 /* TimerTests.swift */; };
		CE55608A28DA2CF5001CB442 /* TimerUITests.swift in Sources */ = {isa = PBXBuildFile; fileRef = CE55608928DA2CF5001CB442 /* TimerUITests.swift */; };
		CE55608C28DA2CF5001CB442 /* TimerUITestsLaunchTests.swift in Sources */ = {isa = PBXBuildFile; fileRef = CE55608B28DA2CF5001CB442 /* TimerUITestsLaunchTests.swift */; };
/* End PBXBuildFile section */

/* Begin PBXContainerItemProxy section */
		CE55607C28DA2CF5001CB442 /* PBXContainerItemProxy */ = {
			isa = PBXContainerItemProxy;
			containerPortal = CE55605D28DA2CF1001CB442 /* Project object */;
			proxyType = 1;
			remoteGlobalIDString = CE55606428DA2CF1001CB442;
			remoteInfo = Timer;
		};
		CE55608628DA2CF5001CB442 /* PBXContainerItemProxy */ = {
			isa = PBXContainerItemProxy;
			containerPortal = CE55605D28DA2CF1001CB442 /* Project object */;
			proxyType = 1;
			remoteGlobalIDString = CE55606428DA2CF1001CB442;
			remoteInfo = Timer;
		};
/* End PBXContainerItemProxy section */

/* Begin PBXFileReference section */
		CE55606528DA2CF1001CB442 /* Timer.app */ = {isa = PBXFileReference; explicitFileType = wrapper.application; includeInIndex = 0; path = Timer.app; sourceTree = BUILT_PRODUCTS_DIR; };
		CE55606828DA2CF2001CB442 /* AppDelegate.swift */ = {isa = PBXFileReference; lastKnownFileType = sourcecode.swift; path = AppDelegate.swift; sourceTree = "<group>"; };
		CE55606A28DA2CF2001CB442 /* SceneDelegate.swift */ = {isa = PBXFileReference; lastKnownFileType = sourcecode.swift; path = SceneDelegate.swift; sourceTree = "<group>"; };
		CE55606C28DA2CF2001CB442 /* ViewController.swift */ = {isa = PBXFileReference; lastKnownFileType = sourcecode.swift; path = ViewController.swift; sourceTree = "<group>"; };
		CE55606F28DA2CF2001CB442 /* Base */ = {isa = PBXFileReference; lastKnownFileType = file.storyboard; name = Base; path = Base.lproj/Main.storyboard; sourceTree = "<group>"; };
		CE55607128DA2CF5001CB442 /* Assets.xcassets */ = {isa = PBXFileReference; lastKnownFileType = folder.assetcatalog; path = Assets.xcassets; sourceTree = "<group>"; };
		CE55607428DA2CF5001CB442 /* Base */ = {isa = PBXFileReference; lastKnownFileType = file.storyboard; name = Base; path = Base.lproj/LaunchScreen.storyboard; sourceTree = "<group>"; };
		CE55607628DA2CF5001CB442 /* Info.plist */ = {isa = PBXFileReference; lastKnownFileType = text.plist.xml; path = Info.plist; sourceTree = "<group>"; };
		CE55607B28DA2CF5001CB442 /* TimerTests.xctest */ = {isa = PBXFileReference; explicitFileType = wrapper.cfbundle; includeInIndex = 0; path = TimerTests.xctest; sourceTree = BUILT_PRODUCTS_DIR; };
		CE55607F28DA2CF5001CB442 /* TimerTests.swift */ = {isa = PBXFileReference; lastKnownFileType = sourcecode.swift; path = TimerTests.swift; sourceTree = "<group>"; };
		CE55608528DA2CF5001CB442 /* TimerUITests.xctest */ = {isa = PBXFileReference; explicitFileType = wrapper.cfbundle; includeInIndex = 0; path = TimerUITests.xctest; sourceTree = BUILT_PRODUCTS_DIR; };
		CE55608928DA2CF5001CB442 /* TimerUITests.swift */ = {isa = PBXFileReference; lastKnownFileType = sourcecode.swift; path = TimerUITests.swift; sourceTree = "<group>"; };
		CE55608B28DA2CF5001CB442 /* TimerUITestsLaunchTests.swift */ = {isa = PBXFileReference; lastKnownFileType = sourcecode.swift; path = TimerUITestsLaunchTests.swift; sourceTree = "<group>"; };
/* End PBXFileReference section */

/* Begin PBXFrameworksBuildPhase section */
		CE55606228DA2CF1001CB442 /* Frameworks */ = {
			isa = PBXFrameworksBuildPhase;
			buildActionMask = 2147483647;
			files = (
			);
			runOnlyForDeploymentPostprocessing = 0;
		};
		CE55607828DA2CF5001CB442 /* Frameworks */ = {
			isa = PBXFrameworksBuildPhase;
			buildActionMask = 2147483647;
			files = (
			);
			runOnlyForDeploymentPostprocessing = 0;
		};
		CE55608228DA2CF5001CB442 /* Frameworks */ = {
			isa = PBXFrameworksBuildPhase;
			buildActionMask = 2147483647;
			files = (
			);
			runOnlyForDeploymentPostprocessing = 0;
		};
/* End PBXFrameworksBuildPhase section */

/* Begin PBXGroup section */
		CE55605C28DA2CF1001CB442 = {
			isa = PBXGroup;
			children = (
				CE55606728DA2CF1001CB442 /* Timer */,
				CE55607E28DA2CF5001CB442 /* TimerTests */,
				CE55608828DA2CF5001CB442 /* TimerUITests */,
				CE55606628DA2CF1001CB442 /* Products */,
			);
			sourceTree = "<group>";
		};
		CE55606628DA2CF1001CB442 /* Products */ = {
			isa = PBXGroup;
			children = (
				CE55606528DA2CF1001CB442 /* Timer.app */,
				CE55607B28DA2CF5001CB442 /* TimerTests.xctest */,
				CE55608528DA2CF5001CB442 /* TimerUITests.xctest */,
			);
			name = Products;
			sourceTree = "<group>";
		};
		CE55606728DA2CF1001CB442 /* Timer */ = {
			isa = PBXGroup;
			children = (
				CE55606828DA2CF2001CB442 /* AppDelegate.swift */,
				CE55606A28DA2CF2001CB442 /* SceneDelegate.swift */,
				CE55606C28DA2CF2001CB442 /* ViewController.swift */,
				CE55606E28DA2CF2001CB442 /* Main.storyboard */,
				CE55607128DA2CF5001CB442 /* Assets.xcassets */,
				CE55607328DA2CF5001CB442 /* LaunchScreen.storyboard */,
				CE55607628DA2CF5001CB442 /* Info.plist */,
			);
			path = Timer;
			sourceTree = "<group>";
		};
		CE55607E28DA2CF5001CB442 /* TimerTests */ = {
			isa = PBXGroup;
			children = (
				CE55607F28DA2CF5001CB442 /* TimerTests.swift */,
			);
			path = TimerTests;
			sourceTree = "<group>";
		};
		CE55608828DA2CF5001CB442 /* TimerUITests */ = {
			isa = PBXGroup;
			children = (
				CE55608928DA2CF5001CB442 /* TimerUITests.swift */,
				CE55608B28DA2CF5001CB442 /* TimerUITestsLaunchTests.swift */,
			);
			path = TimerUITests;
			sourceTree = "<group>";
		};
/* End PBXGroup section */

/* Begin PBXNativeTarget section */
		CE55606428DA2CF1001CB442 /* Timer */ = {
			isa = PBXNativeTarget;
			buildConfigurationList = CE55608F28DA2CF5001CB442 /* Build configuration list for PBXNativeTarget "Timer" */;
			buildPhases = (
				CE55606128DA2CF1001CB442 /* Sources */,
				CE55606228DA2CF1001CB442 /* Frameworks */,
				CE55606328DA2CF1001CB442 /* Resources */,
			);
			buildRules = (
			);
			dependencies = (
			);
			name = Timer;
			productName = Timer;
			productReference = CE55606528DA2CF1001CB442 /* Timer.app */;
			productType = "com.apple.product-type.application";
		};
		CE55607A28DA2CF5001CB442 /* TimerTests */ = {
			isa = PBXNativeTarget;
			buildConfigurationList = CE55609228DA2CF5001CB442 /* Build configuration list for PBXNativeTarget "TimerTests" */;
			buildPhases = (
				CE55607728DA2CF5001CB442 /* Sources */,
				CE55607828DA2CF5001CB442 /* Frameworks */,
				CE55607928DA2CF5001CB442 /* Resources */,
			);
			buildRules = (
			);
			dependencies = (
				CE55607D28DA2CF5001CB442 /* PBXTargetDependency */,
			);
			name = TimerTests;
			productName = TimerTests;
			productReference = CE55607B28DA2CF5001CB442 /* TimerTests.xctest */;
			productType = "com.apple.product-type.bundle.unit-test";
		};
		CE55608428DA2CF5001CB442 /* TimerUITests */ = {
			isa = PBXNativeTarget;
			buildConfigurationList = CE55609528DA2CF5001CB442 /* Build configuration list for PBXNativeTarget "TimerUITests" */;
			buildPhases = (
				CE55608128DA2CF5001CB442 /* Sources */,
				CE55608228DA2CF5001CB442 /* Frameworks */,
				CE55608328DA2CF5001CB442 /* Resources */,
			);
			buildRules = (
			);
			dependencies = (
				CE55608728DA2CF5001CB442 /* PBXTargetDependency */,
			);
			name = TimerUITests;
			productName = TimerUITests;
			productReference = CE55608528DA2CF5001CB442 /* TimerUITests.xctest */;
			productType = "com.apple.product-type.bundle.ui-testing";
		};
/* End PBXNativeTarget section */

/* Begin PBXProject section */
		CE55605D28DA2CF1001CB442 /* Project object */ = {
			isa = PBXProject;
			attributes = {
				BuildIndependentTargetsInParallel = 1;
				LastSwiftUpdateCheck = 1400;
				LastUpgradeCheck = 1400;
				TargetAttributes = {
					CE55606428DA2CF1001CB442 = {
						CreatedOnToolsVersion = 14.0;
					};
					CE55607A28DA2CF5001CB442 = {
						CreatedOnToolsVersion = 14.0;
						TestTargetID = CE55606428DA2CF1001CB442;
					};
					CE55608428DA2CF5001CB442 = {
						CreatedOnToolsVersion = 14.0;
						TestTargetID = CE55606428DA2CF1001CB442;
					};
				};
			};
			buildConfigurationList = CE55606028DA2CF1001CB442 /* Build configuration list for PBXProject "Timer" */;
			compatibilityVersion = "Xcode 14.0";
			developmentRegion = en;
			hasScannedForEncodings = 0;
			knownRegions = (
				en,
				Base,
			);
			mainGroup = CE55605C28DA2CF1001CB442;
			productRefGroup = CE55606628DA2CF1001CB442 /* Products */;
			projectDirPath = "";
			projectRoot = "";
			targets = (
				CE55606428DA2CF1001CB442 /* Timer */,
				CE55607A28DA2CF5001CB442 /* TimerTests */,
				CE55608428DA2CF5001CB442 /* TimerUITests */,
			);
		};
/* End PBXProject section */

/* Begin PBXResourcesBuildPhase section */
		CE55606328DA2CF1001CB442 /* Resources */ = {
			isa = PBXResourcesBuildPhase;
			buildActionMask = 2147483647;
			files = (
				CE55607528DA2CF5001CB442 /* LaunchScreen.storyboard in Resources */,
				CE55607228DA2CF5001CB442 /* Assets.xcassets in Resources */,
				CE55607028DA2CF2001CB442 /* Main.storyboard in Resources */,
			);
			runOnlyForDeploymentPostprocessing = 0;
		};
		CE55607928DA2CF5001CB442 /* Resources */ = {
			isa = PBXResourcesBuildPhase;
			buildActionMask = 2147483647;
			files = (
			);
			runOnlyForDeploymentPostprocessing = 0;
		};
		CE55608328DA2CF5001CB442 /* Resources */ = {
			isa = PBXResourcesBuildPhase;
			buildActionMask = 2147483647;
			files = (
			);
			runOnlyForDeploymentPostprocessing = 0;
		};
/* End PBXResourcesBuildPhase section */

/* Begin PBXSourcesBuildPhase section */
		CE55606128DA2CF1001CB442 /* Sources */ = {
			isa = PBXSourcesBuildPhase;
			buildActionMask = 2147483647;
			files = (
				CE55606D28DA2CF2001CB442 /* ViewController.swift in Sources */,
				CE55606928DA2CF2001CB442 /* AppDelegate.swift in Sources */,
				CE55606B28DA2CF2001CB442 /* SceneDelegate.swift in Sources */,
			);
			runOnlyForDeploymentPostprocessing = 0;
		};
		CE55607728DA2CF5001CB442 /* Sources */ = {
			isa = PBXSourcesBuildPhase;
			buildActionMask = 2147483647;
			files = (
				CE55608028DA2CF5001CB442 /* TimerTests.swift in Sources */,
			);
			runOnlyForDeploymentPostprocessing = 0;
		};
		CE55608128DA2CF5001CB442 /* Sources */ = {
			isa = PBXSourcesBuildPhase;
			buildActionMask = 2147483647;
			files = (
				CE55608C28DA2CF5001CB442 /* TimerUITestsLaunchTests.swift in Sources */,
				CE55608A28DA2CF5001CB442 /* TimerUITests.swift in Sources */,
			);
			runOnlyForDeploymentPostprocessing = 0;
		};
/* End PBXSourcesBuildPhase section */

/* Begin PBXTargetDependency section */
		CE55607D28DA2CF5001CB442 /* PBXTargetDependency */ = {
			isa = PBXTargetDependency;
			target = CE55606428DA2CF1001CB442 /* Timer */;
			targetProxy = CE55607C28DA2CF5001CB442 /* PBXContainerItemProxy */;
		};
		CE55608728DA2CF5001CB442 /* PBXTargetDependency */ = {
			isa = PBXTargetDependency;
			target = CE55606428DA2CF1001CB442 /* Timer */;
			targetProxy = CE55608628DA2CF5001CB442 /* PBXContainerItemProxy */;
		};
/* End PBXTargetDependency section */

/* Begin PBXVariantGroup section */
		CE55606E28DA2CF2001CB442 /* Main.storyboard */ = {
			isa = PBXVariantGroup;
			children = (
				CE55606F28DA2CF2001CB442 /* Base */,
			);
			name = Main.storyboard;
			sourceTree = "<group>";
		};
		CE55607328DA2CF5001CB442 /* LaunchScreen.storyboard */ = {
			isa = PBXVariantGroup;
			children = (
				CE55607428DA2CF5001CB442 /* Base */,
			);
			name = LaunchScreen.storyboard;
			sourceTree = "<group>";
		};
/* End PBXVariantGroup section */

/* Begin XCBuildConfiguration section */
		CE55608D28DA2CF5001CB442 /* Debug */ = {
			isa = XCBuildConfiguration;
			buildSettings = {
				ALWAYS_SEARCH_USER_PATHS = NO;
				CLANG_ANALYZER_NONNULL = YES;
				CLANG_ANALYZER_NUMBER_OBJECT_CONVERSION = YES_AGGRESSIVE;
				CLANG_CXX_LANGUAGE_STANDARD = "gnu++20";
				CLANG_ENABLE_MODULES = YES;
				CLANG_ENABLE_OBJC_ARC = YES;
				CLANG_ENABLE_OBJC_WEAK = YES;
				CLANG_WARN_BLOCK_CAPTURE_AUTORELEASING = YES;
				CLANG_WARN_BOOL_CONVERSION = YES;
				CLANG_WARN_COMMA = YES;
				CLANG_WARN_CONSTANT_CONVERSION = YES;
				CLANG_WARN_DEPRECATED_OBJC_IMPLEMENTATIONS = YES;
				CLANG_WARN_DIRECT_OBJC_ISA_USAGE = YES_ERROR;
				CLANG_WARN_DOCUMENTATION_COMMENTS = YES;
				CLANG_WARN_EMPTY_BODY = YES;
				CLANG_WARN_ENUM_CONVERSION = YES;
				CLANG_WARN_INFINITE_RECURSION = YES;
				CLANG_WARN_INT_CONVERSION = YES;
				CLANG_WARN_NON_LITERAL_NULL_CONVERSION = YES;
				CLANG_WARN_OBJC_IMPLICIT_RETAIN_SELF = YES;
				CLANG_WARN_OBJC_LITERAL_CONVERSION = YES;
				CLANG_WARN_OBJC_ROOT_CLASS = YES_ERROR;
				CLANG_WARN_QUOTED_INCLUDE_IN_FRAMEWORK_HEADER = YES;
				CLANG_WARN_RANGE_LOOP_ANALYSIS = YES;
				CLANG_WARN_STRICT_PROTOTYPES = YES;
				CLANG_WARN_SUSPICIOUS_MOVE = YES;
				CLANG_WARN_UNGUARDED_AVAILABILITY = YES_AGGRESSIVE;
				CLANG_WARN_UNREACHABLE_CODE = YES;
				CLANG_WARN__DUPLICATE_METHOD_MATCH = YES;
				COPY_PHASE_STRIP = NO;
				DEBUG_INFORMATION_FORMAT = dwarf;
				ENABLE_STRICT_OBJC_MSGSEND = YES;
				ENABLE_TESTABILITY = YES;
				GCC_C_LANGUAGE_STANDARD = gnu11;
				GCC_DYNAMIC_NO_PIC = NO;
				GCC_NO_COMMON_BLOCKS = YES;
				GCC_OPTIMIZATION_LEVEL = 0;
				GCC_PREPROCESSOR_DEFINITIONS = (
					"DEBUG=1",
					"$(inherited)",
				);
				GCC_WARN_64_TO_32_BIT_CONVERSION = YES;
				GCC_WARN_ABOUT_RETURN_TYPE = YES_ERROR;
				GCC_WARN_UNDECLARED_SELECTOR = YES;
				GCC_WARN_UNINITIALIZED_AUTOS = YES_AGGRESSIVE;
				GCC_WARN_UNUSED_FUNCTION = YES;
				GCC_WARN_UNUSED_VARIABLE = YES;
				IPHONEOS_DEPLOYMENT_TARGET = 16.0;
				MTL_ENABLE_DEBUG_INFO = INCLUDE_SOURCE;
				MTL_FAST_MATH = YES;
				ONLY_ACTIVE_ARCH = YES;
				SDKROOT = iphoneos;
				SWIFT_ACTIVE_COMPILATION_CONDITIONS = DEBUG;
				SWIFT_OPTIMIZATION_LEVEL = "-Onone";
			};
			name = Debug;
		};
		CE55608E28DA2CF5001CB442 /* Release */ = {
			isa = XCBuildConfiguration;
			buildSettings = {
				ALWAYS_SEARCH_USER_PATHS = NO;
				CLANG_ANALYZER_NONNULL = YES;
				CLANG_ANALYZER_NUMBER_OBJECT_CONVERSION = YES_AGGRESSIVE;
				CLANG_CXX_LANGUAGE_STANDARD = "gnu++20";
				CLANG_ENABLE_MODULES = YES;
				CLANG_ENABLE_OBJC_ARC = YES;
				CLANG_ENABLE_OBJC_WEAK = YES;
				CLANG_WARN_BLOCK_CAPTURE_AUTORELEASING = YES;
				CLANG_WARN_BOOL_CONVERSION = YES;
				CLANG_WARN_COMMA = YES;
				CLANG_WARN_CONSTANT_CONVERSION = YES;
				CLANG_WARN_DEPRECATED_OBJC_IMPLEMENTATIONS = YES;
				CLANG_WARN_DIRECT_OBJC_ISA_USAGE = YES_ERROR;
				CLANG_WARN_DOCUMENTATION_COMMENTS = YES;
				CLANG_WARN_EMPTY_BODY = YES;
				CLANG_WARN_ENUM_CONVERSION = YES;
				CLANG_WARN_INFINITE_RECURSION = YES;
				CLANG_WARN_INT_CONVERSION = YES;
				CLANG_WARN_NON_LITERAL_NULL_CONVERSION = YES;
				CLANG_WARN_OBJC_IMPLICIT_RETAIN_SELF = YES;
				CLANG_WARN_OBJC_LITERAL_CONVERSION = YES;
				CLANG_WARN_OBJC_ROOT_CLASS = YES_ERROR;
				CLANG_WARN_QUOTED_INCLUDE_IN_FRAMEWORK_HEADER = YES;
				CLANG_WARN_RANGE_LOOP_ANALYSIS = YES;
				CLANG_WARN_STRICT_PROTOTYPES = YES;
				CLANG_WARN_SUSPICIOUS_MOVE = YES;
				CLANG_WARN_UNGUARDED_AVAILABILITY = YES_AGGRESSIVE;
				CLANG_WARN_UNREACHABLE_CODE = YES;
				CLANG_WARN__DUPLICATE_METHOD_MATCH = YES;
				COPY_PHASE_STRIP = NO;
				DEBUG_INFORMATION_FORMAT = "dwarf-with-dsym";
				ENABLE_NS_ASSERTIONS = NO;
				ENABLE_STRICT_OBJC_MSGSEND = YES;
				GCC_C_LANGUAGE_STANDARD = gnu11;
				GCC_NO_COMMON_BLOCKS = YES;
				GCC_WARN_64_TO_32_BIT_CONVERSION = YES;
				GCC_WARN_ABOUT_RETURN_TYPE = YES_ERROR;
				GCC_WARN_UNDECLARED_SELECTOR = YES;
				GCC_WARN_UNINITIALIZED_AUTOS = YES_AGGRESSIVE;
				GCC_WARN_UNUSED_FUNCTION = YES;
				GCC_WARN_UNUSED_VARIABLE = YES;
				IPHONEOS_DEPLOYMENT_TARGET = 16.0;
				MTL_ENABLE_DEBUG_INFO = NO;
				MTL_FAST_MATH = YES;
				SDKROOT = iphoneos;
				SWIFT_COMPILATION_MODE = wholemodule;
				SWIFT_OPTIMIZATION_LEVEL = "-O";
				VALIDATE_PRODUCT = YES;
			};
			name = Release;
		};
		CE55609028DA2CF5001CB442 /* Debug */ = {
			isa = XCBuildConfiguration;
			buildSettings = {
				ASSETCATALOG_COMPILER_APPICON_NAME = AppIcon;
				ASSETCATALOG_COMPILER_GLOBAL_ACCENT_COLOR_NAME = AccentColor;
				CODE_SIGN_STYLE = Automatic;
				CURRENT_PROJECT_VERSION = 1;
				GENERATE_INFOPLIST_FILE = YES;
				INFOPLIST_FILE = Timer/Info.plist;
				INFOPLIST_KEY_UIApplicationSupportsIndirectInputEvents = YES;
				INFOPLIST_KEY_UILaunchStoryboardName = LaunchScreen;
				INFOPLIST_KEY_UIMainStoryboardFile = Main;
				INFOPLIST_KEY_UISupportedInterfaceOrientations_iPad = "UIInterfaceOrientationPortrait UIInterfaceOrientationPortraitUpsideDown UIInterfaceOrientationLandscapeLeft UIInterfaceOrientationLandscapeRight";
				INFOPLIST_KEY_UISupportedInterfaceOrientations_iPhone = "UIInterfaceOrientationPortrait UIInterfaceOrientationLandscapeLeft UIInterfaceOrientationLandscapeRight";
				LD_RUNPATH_SEARCH_PATHS = (
					"$(inherited)",
					"@executable_path/Frameworks",
				);
				MARKETING_VERSION = 1.0;
				PRODUCT_BUNDLE_IDENTIFIER = idiots.Timer;
				PRODUCT_NAME = "$(TARGET_NAME)";
				SWIFT_EMIT_LOC_STRINGS = YES;
				SWIFT_VERSION = 5.0;
				TARGETED_DEVICE_FAMILY = "1,2";
			};
			name = Debug;
		};
		CE55609128DA2CF5001CB442 /* Release */ = {
			isa = XCBuildConfiguration;
			buildSettings = {
				ASSETCATALOG_COMPILER_APPICON_NAME = AppIcon;
				ASSETCATALOG_COMPILER_GLOBAL_ACCENT_COLOR_NAME = AccentColor;
				CODE_SIGN_STYLE = Automatic;
				CURRENT_PROJECT_VERSION = 1;
				GENERATE_INFOPLIST_FILE = YES;
				INFOPLIST_FILE = Timer/Info.plist;
				INFOPLIST_KEY_UIApplicationSupportsIndirectInputEvents = YES;
				INFOPLIST_KEY_UILaunchStoryboardName = LaunchScreen;
				INFOPLIST_KEY_UIMainStoryboardFile = Main;
				INFOPLIST_KEY_UISupportedInterfaceOrientations_iPad = "UIInterfaceOrientationPortrait UIInterfaceOrientationPortraitUpsideDown UIInterfaceOrientationLandscapeLeft UIInterfaceOrientationLandscapeRight";
				INFOPLIST_KEY_UISupportedInterfaceOrientations_iPhone = "UIInterfaceOrientationPortrait UIInterfaceOrientationLandscapeLeft UIInterfaceOrientationLandscapeRight";
				LD_RUNPATH_SEARCH_PATHS = (
					"$(inherited)",
					"@executable_path/Frameworks",
				);
				MARKETING_VERSION = 1.0;
				PRODUCT_BUNDLE_IDENTIFIER = idiots.Timer;
				PRODUCT_NAME = "$(TARGET_NAME)";
				SWIFT_EMIT_LOC_STRINGS = YES;
				SWIFT_VERSION = 5.0;
				TARGETED_DEVICE_FAMILY = "1,2";
			};
			name = Release;
		};
		CE55609328DA2CF5001CB442 /* Debug */ = {
			isa = XCBuildConfiguration;
			buildSettings = {
				ALWAYS_EMBED_SWIFT_STANDARD_LIBRARIES = YES;
				BUNDLE_LOADER = "$(TEST_HOST)";
				CODE_SIGN_STYLE = Automatic;
				CURRENT_PROJECT_VERSION = 1;
				GENERATE_INFOPLIST_FILE = YES;
				IPHONEOS_DEPLOYMENT_TARGET = 16.0;
				MARKETING_VERSION = 1.0;
				PRODUCT_BUNDLE_IDENTIFIER = idiots.TimerTests;
				PRODUCT_NAME = "$(TARGET_NAME)";
				SWIFT_EMIT_LOC_STRINGS = NO;
				SWIFT_VERSION = 5.0;
				TARGETED_DEVICE_FAMILY = "1,2";
				TEST_HOST = "$(BUILT_PRODUCTS_DIR)/Timer.app/$(BUNDLE_EXECUTABLE_FOLDER_PATH)/Timer";
			};
			name = Debug;
		};
		CE55609428DA2CF5001CB442 /* Release */ = {
			isa = XCBuildConfiguration;
			buildSettings = {
				ALWAYS_EMBED_SWIFT_STANDARD_LIBRARIES = YES;
				BUNDLE_LOADER = "$(TEST_HOST)";
				CODE_SIGN_STYLE = Automatic;
				CURRENT_PROJECT_VERSION = 1;
				GENERATE_INFOPLIST_FILE = YES;
				IPHONEOS_DEPLOYMENT_TARGET = 16.0;
				MARKETING_VERSION = 1.0;
				PRODUCT_BUNDLE_IDENTIFIER = idiots.TimerTests;
				PRODUCT_NAME = "$(TARGET_NAME)";
				SWIFT_EMIT_LOC_STRINGS = NO;
				SWIFT_VERSION = 5.0;
				TARGETED_DEVICE_FAMILY = "1,2";
				TEST_HOST = "$(BUILT_PRODUCTS_DIR)/Timer.app/$(BUNDLE_EXECUTABLE_FOLDER_PATH)/Timer";
			};
			name = Release;
		};
		CE55609628DA2CF5001CB442 /* Debug */ = {
			isa = XCBuildConfiguration;
			buildSettings = {
				ALWAYS_EMBED_SWIFT_STANDARD_LIBRARIES = YES;
				CODE_SIGN_STYLE = Automatic;
				CURRENT_PROJECT_VERSION = 1;
				GENERATE_INFOPLIST_FILE = YES;
				MARKETING_VERSION = 1.0;
				PRODUCT_BUNDLE_IDENTIFIER = idiots.TimerUITests;
				PRODUCT_NAME = "$(TARGET_NAME)";
				SWIFT_EMIT_LOC_STRINGS = NO;
				SWIFT_VERSION = 5.0;
				TARGETED_DEVICE_FAMILY = "1,2";
				TEST_TARGET_NAME = Timer;
			};
			name = Debug;
		};
		CE55609728DA2CF5001CB442 /* Release */ = {
			isa = XCBuildConfiguration;
			buildSettings = {
				ALWAYS_EMBED_SWIFT_STANDARD_LIBRARIES = YES;
				CODE_SIGN_STYLE = Automatic;
				CURRENT_PROJECT_VERSION = 1;
				GENERATE_INFOPLIST_FILE = YES;
				MARKETING_VERSION = 1.0;
				PRODUCT_BUNDLE_IDENTIFIER = idiots.TimerUITests;
				PRODUCT_NAME = "$(TARGET_NAME)";
				SWIFT_EMIT_LOC_STRINGS = NO;
				SWIFT_VERSION = 5.0;
				TARGETED_DEVICE_FAMILY = "1,2";
				TEST_TARGET_NAME = Timer;
			};
			name = Release;
		};
/* End XCBuildConfiguration section */

/* Begin XCConfigurationList section */
		CE55606028DA2CF1001CB442 /* Build configuration list for PBXProject "Timer" */ = {
			isa = XCConfigurationList;
			buildConfigurations = (
				CE55608D28DA2CF5001CB442 /* Debug */,
				CE55608E28DA2CF5001CB442 /* Release */,
			);
			defaultConfigurationIsVisible = 0;
			defaultConfigurationName = Release;
		};
		CE55608F28DA2CF5001CB442 /* Build configuration list for PBXNativeTarget "Timer" */ = {
			isa = XCConfigurationList;
			buildConfigurations = (
				CE55609028DA2CF5001CB442 /* Debug */,
				CE55609128DA2CF5001CB442 /* Release */,
			);
			defaultConfigurationIsVisible = 0;
			defaultConfigurationName = Release;
		};
		CE55609228DA2CF5001CB442 /* Build configuration list for PBXNativeTarget "TimerTests" */ = {
			isa = XCConfigurationList;
			buildConfigurations = (
				CE55609328DA2CF5001CB442 /* Debug */,
				CE55609428DA2CF5001CB442 /* Release */,
			);
			defaultConfigurationIsVisible = 0;
			defaultConfigurationName = Release;
		};
		CE55609528DA2CF5001CB442 /* Build configuration list for PBXNativeTarget "TimerUITests" */ = {
			isa = XCConfigurationList;
			buildConfigurations = (
				CE55609628DA2CF5001CB442 /* Debug */,
				CE55609728DA2CF5001CB442 /* Release */,
			);
			defaultConfigurationIsVisible = 0;
			defaultConfigurationName = Release;
		};
/* End XCConfigurationList section */
	};
	rootObject = CE55605D28DA2CF1001CB442 /* Project object */;
}
